// !$*UTF8*$!
{
	archiveVersion = 1;
	classes = {
	};
	objectVersion = 46;
	objects = {

/* Begin PBXBuildFile section */
		61E02153202A791800B0AA88 /* Minecraft.ttf in Resources */ = {isa = PBXBuildFile; fileRef = 61E02152202A791800B0AA88 /* Minecraft.ttf */; };
		61E7CB8A202BA5070063DB0F /* beep_short_on.wav in Resources */ = {isa = PBXBuildFile; fileRef = 61E7CB89202BA5070063DB0F /* beep_short_on.wav */; };
		61E9BACA202263EA00247926 /* AppDelegate.swift in Sources */ = {isa = PBXBuildFile; fileRef = 61E9BAC9202263EA00247926 /* AppDelegate.swift */; };
		61E9BACC202263EA00247926 /* ViewController.swift in Sources */ = {isa = PBXBuildFile; fileRef = 61E9BACB202263EA00247926 /* ViewController.swift */; };
		61E9BACF202263EA00247926 /* Main.storyboard in Resources */ = {isa = PBXBuildFile; fileRef = 61E9BACD202263EA00247926 /* Main.storyboard */; };
		61E9BAD1202263EA00247926 /* Assets.xcassets in Resources */ = {isa = PBXBuildFile; fileRef = 61E9BAD0202263EA00247926 /* Assets.xcassets */; };
		61E9BAD4202263EA00247926 /* LaunchScreen.storyboard in Resources */ = {isa = PBXBuildFile; fileRef = 61E9BAD2202263EA00247926 /* LaunchScreen.storyboard */; };
/* End PBXBuildFile section */

/* Begin PBXFileReference section */
		61E02152202A791800B0AA88 /* Minecraft.ttf */ = {isa = PBXFileReference; lastKnownFileType = file; path = Minecraft.ttf; sourceTree = "<group>"; };
		61E7CB89202BA5070063DB0F /* beep_short_on.wav */ = {isa = PBXFileReference; lastKnownFileType = audio.wav; path = beep_short_on.wav; sourceTree = "<group>"; };
		61E9BAC6202263EA00247926 /* RetroCalculator.app */ = {isa = PBXFileReference; explicitFileType = wrapper.application; includeInIndex = 0; path = RetroCalculator.app; sourceTree = BUILT_PRODUCTS_DIR; };
		61E9BAC9202263EA00247926 /* AppDelegate.swift */ = {isa = PBXFileReference; lastKnownFileType = sourcecode.swift; path = AppDelegate.swift; sourceTree = "<group>"; };
		61E9BACB202263EA00247926 /* ViewController.swift */ = {isa = PBXFileReference; lastKnownFileType = sourcecode.swift; path = ViewController.swift; sourceTree = "<group>"; };
		61E9BACE202263EA00247926 /* Base */ = {isa = PBXFileReference; lastKnownFileType = file.storyboard; name = Base; path = Base.lproj/Main.storyboard; sourceTree = "<group>"; };
		61E9BAD0202263EA00247926 /* Assets.xcassets */ = {isa = PBXFileReference; lastKnownFileType = folder.assetcatalog; path = Assets.xcassets; sourceTree = "<group>"; };
		61E9BAD3202263EA00247926 /* Base */ = {isa = PBXFileReference; lastKnownFileType = file.storyboard; name = Base; path = Base.lproj/LaunchScreen.storyboard; sourceTree = "<group>"; };
		61E9BAD5202263EA00247926 /* Info.plist */ = {isa = PBXFileReference; lastKnownFileType = text.plist.xml; path = Info.plist; sourceTree = "<group>"; };
/* End PBXFileReference section */

/* Begin PBXFrameworksBuildPhase section */
		61E9BAC3202263EA00247926 /* Frameworks */ = {
			isa = PBXFrameworksBuildPhase;
			buildActionMask = 2147483647;
			files = (
			);
			runOnlyForDeploymentPostprocessing = 0;
		};
/* End PBXFrameworksBuildPhase section */

/* Begin PBXGroup section */
		61E9BABD202263EA00247926 = {
			isa = PBXGroup;
			children = (
				61E9BAC8202263EA00247926 /* RetroCalculator */,
				61E9BAC7202263EA00247926 /* Products */,
			);
			sourceTree = "<group>";
		};
		61E9BAC7202263EA00247926 /* Products */ = {
			isa = PBXGroup;
			children = (
				61E9BAC6202263EA00247926 /* RetroCalculator.app */,
			);
			name = Products;
			sourceTree = "<group>";
		};
		61E9BAC8202263EA00247926 /* RetroCalculator */ = {
			isa = PBXGroup;
			children = (
				61E7CB89202BA5070063DB0F /* beep_short_on.wav */,
				61E02152202A791800B0AA88 /* Minecraft.ttf */,
				61E9BAC9202263EA00247926 /* AppDelegate.swift */,
				61E9BACB202263EA00247926 /* ViewController.swift */,
				61E9BACD202263EA00247926 /* Main.storyboard */,
				61E9BAD0202263EA00247926 /* Assets.xcassets */,
				61E9BAD2202263EA00247926 /* LaunchScreen.storyboard */,
				61E9BAD5202263EA00247926 /* Info.plist */,
			);
			path = RetroCalculator;
			sourceTree = "<group>";
		};
/* End PBXGroup section */

/* Begin PBXNativeTarget section */
		61E9BAC5202263EA00247926 /* RetroCalculator */ = {
			isa = PBXNativeTarget;
			buildConfigurationList = 61E9BAD8202263EA00247926 /* Build configuration list for PBXNativeTarget "RetroCalculator" */;
			buildPhases = (
				61E9BAC2202263EA00247926 /* Sources */,
				61E9BAC3202263EA00247926 /* Frameworks */,
				61E9BAC4202263EA00247926 /* Resources */,
			);
			buildRules = (
			);
			dependencies = (
			);
			name = RetroCalculator;
			productName = RetroCalculator;
			productReference = 61E9BAC6202263EA00247926 /* RetroCalculator.app */;
			productType = "com.apple.product-type.application";
		};
/* End PBXNativeTarget section */

/* Begin PBXProject section */
		61E9BABE202263EA00247926 /* Project object */ = {
			isa = PBXProject;
			attributes = {
				LastSwiftUpdateCheck = 0830;
				LastUpgradeCheck = 0830;
				ORGANIZATIONNAME = hAppY;
				TargetAttributes = {
					61E9BAC5202263EA00247926 = {
						CreatedOnToolsVersion = 8.3;
						DevelopmentTeam = A5K3KTG98G;
						ProvisioningStyle = Automatic;
					};
				};
			};
			buildConfigurationList = 61E9BAC1202263EA00247926 /* Build configuration list for PBXProject "RetroCalculator" */;
			compatibilityVersion = "Xcode 3.2";
			developmentRegion = English;
			hasScannedForEncodings = 0;
			knownRegions = (
				en,
				Base,
			);
			mainGroup = 61E9BABD202263EA00247926;
			productRefGroup = 61E9BAC7202263EA00247926 /* Products */;
			projectDirPath = "";
			projectRoot = "";
			targets = (
				61E9BAC5202263EA00247926 /* RetroCalculator */,
			);
		};
/* End PBXProject section */

/* Begin PBXResourcesBuildPhase section */
		61E9BAC4202263EA00247926 /* Resources */ = {
			isa = PBXResourcesBuildPhase;
			buildActionMask = 2147483647;
			files = (
				61E7CB8A202BA5070063DB0F /* beep_short_on.wav in Resources */,
				61E9BAD4202263EA00247926 /* LaunchScreen.storyboard in Resources */,
				61E9BAD1202263EA00247926 /* Assets.xcassets in Resources */,
				61E02153202A791800B0AA88 /* Minecraft.ttf in Resources */,
				61E9BACF202263EA00247926 /* Main.storyboard in Resources */,
			);
			runOnlyForDeploymentPostprocessing = 0;
		};
/* End PBXResourcesBuildPhase section */

/* Begin PBXSourcesBuildPhase section */
		61E9BAC2202263EA00247926 /* Sources */ = {
			isa = PBXSourcesBuildPhase;
			buildActionMask = 2147483647;
			files = (
				61E9BACC202263EA00247926 /* ViewController.swift in Sources */,
				61E9BACA202263EA00247926 /* AppDelegate.swift in Sources */,
			);
			runOnlyForDeploymentPostprocessing = 0;
		};
/* End PBXSourcesBuildPhase section */

/* Begin PBXVariantGroup section */
		61E9BACD202263EA00247926 /* Main.storyboard */ = {
			isa = PBXVariantGroup;
			children = (
				61E9BACE202263EA00247926 /* Base */,
			);
			name = Main.storyboard;
			sourceTree = "<group>";
		};
		61E9BAD2202263EA00247926 /* LaunchScreen.storyboard */ = {
			isa = PBXVariantGroup;
			children = (
				61E9BAD3202263EA00247926 /* Base */,
			);
			name = LaunchScreen.storyboard;
			sourceTree = "<group>";
		};
/* End PBXVariantGroup section */

/* Begin XCBuildConfiguration section */
		61E9BAD6202263EA00247926 /* Debug */ = {
			isa = XCBuildConfiguration;
			buildSettings = {
				ALWAYS_SEARCH_USER_PATHS = NO;
				CLANG_ANALYZER_NONNULL = YES;
				CLANG_ANALYZER_NUMBER_OBJECT_CONVERSION = YES_AGGRESSIVE;
				CLANG_CXX_LANGUAGE_STANDARD = "gnu++0x";
				CLANG_CXX_LIBRARY = "libc++";
				CLANG_ENABLE_MODULES = YES;
				CLANG_ENABLE_OBJC_ARC = YES;
				CLANG_WARN_BOOL_CONVERSION = YES;
				CLANG_WARN_CONSTANT_CONVERSION = YES;
				CLANG_WARN_DIRECT_OBJC_ISA_USAGE = YES_ERROR;
				CLANG_WARN_DOCUMENTATION_COMMENTS = YES;
				CLANG_WARN_EMPTY_BODY = YES;
				CLANG_WARN_ENUM_CONVERSION = YES;
				CLANG_WARN_INFINITE_RECURSION = YES;
				CLANG_WARN_INT_CONVERSION = YES;
				CLANG_WARN_OBJC_ROOT_CLASS = YES_ERROR;
				CLANG_WARN_SUSPICIOUS_MOVE = YES;
				CLANG_WARN_UNREACHABLE_CODE = YES;
				CLANG_WARN__DUPLICATE_METHOD_MATCH = YES;
				"CODE_SIGN_IDENTITY[sdk=iphoneos*]" = "iPhone Developer";
				COPY_PHASE_STRIP = NO;
				DEBUG_INFORMATION_FORMAT = dwarf;
				ENABLE_STRICT_OBJC_MSGSEND = YES;
				ENABLE_TESTABILITY = YES;
				GCC_C_LANGUAGE_STANDARD = gnu99;
				GCC_DYNAMIC_NO_PIC = NO;
				GCC_NO_COMMON_BLOCKS = YES;
				GCC_OPTIMIZATION_LEVEL = 0;
				GCC_PREPROCESSOR_DEFINITIONS = (
					"DEBUG=1",
					"$(inherited)",
				);
				GCC_WARN_64_TO_32_BIT_CONVERSION = YES;
				GCC_WARN_ABOUT_RETURN_TYPE = YES_ERROR;
				GCC_WARN_UNDECLARED_SELECTOR = YES;
				GCC_WARN_UNINITIALIZED_AUTOS = YES_AGGRESSIVE;
				GCC_WARN_UNUSED_FUNCTION = YES;
				GCC_WARN_UNUSED_VARIABLE = YES;
				IPHONEOS_DEPLOYMENT_TARGET = 10.3;
				MTL_ENABLE_DEBUG_INFO = YES;
				ONLY_ACTIVE_ARCH = YES;
				SDKROOT = iphoneos;
				SWIFT_ACTIVE_COMPILATION_CONDITIONS = DEBUG;
				SWIFT_OPTIMIZATION_LEVEL = "-Onone";
				TARGETED_DEVICE_FAMILY = "1,2";
			};
			name = Debug;
		};
		61E9BAD7202263EA00247926 /* Release */ = {
			isa = XCBuildConfiguration;
			buildSettings = {
				ALWAYS_SEARCH_USER_PATHS = NO;
				CLANG_ANALYZER_NONNULL = YES;
				CLANG_ANALYZER_NUMBER_OBJECT_CONVERSION = YES_AGGRESSIVE;
				CLANG_CXX_LANGUAGE_STANDARD = "gnu++0x";
				CLANG_CXX_LIBRARY = "libc++";
				CLANG_ENABLE_MODULES = YES;
				CLANG_ENABLE_OBJC_ARC = YES;
				CLANG_WARN_BOOL_CONVERSION = YES;
				CLANG_WARN_CONSTANT_CONVERSION = YES;
				CLANG_WARN_DIRECT_OBJC_ISA_USAGE = YES_ERROR;
				CLANG_WARN_DOCUMENTATION_COMMENTS = YES;
				CLANG_WARN_EMPTY_BODY = YES;
				CLANG_WARN_ENUM_CONVERSION = YES;
				CLANG_WARN_INFINITE_RECURSION = YES;
				CLANG_WARN_INT_CONVERSION = YES;
				CLANG_WARN_OBJC_ROOT_CLASS = YES_ERROR;
				CLANG_WARN_SUSPICIOUS_MOVE = YES;
				CLANG_WARN_UNREACHABLE_CODE = YES;
				CLANG_WARN__DUPLICATE_METHOD_MATCH = YES;
				"CODE_SIGN_IDENTITY[sdk=iphoneos*]" = "iPhone Developer";
				COPY_PHASE_STRIP = NO;
				DEBUG_INFORMATION_FORMAT = "dwarf-with-dsym";
				ENABLE_NS_ASSERTIONS = NO;
				ENABLE_STRICT_OBJC_MSGSEND = YES;
				GCC_C_LANGUAGE_STANDARD = gnu99;
				GCC_NO_COMMON_BLOCKS = YES;
				GCC_WARN_64_TO_32_BIT_CONVERSION = YES;
				GCC_WARN_ABOUT_RETURN_TYPE = YES_ERROR;
				GCC_WARN_UNDECLARED_SELECTOR = YES;
				GCC_WARN_UNINITIALIZED_AUTOS = YES_AGGRESSIVE;
				GCC_WARN_UNUSED_FUNCTION = YES;
				GCC_WARN_UNUSED_VARIABLE = YES;
				IPHONEOS_DEPLOYMENT_TARGET = 10.3;
				MTL_ENABLE_DEBUG_INFO = NO;
				SDKROOT = iphoneos;
				SWIFT_OPTIMIZATION_LEVEL = "-Owholemodule";
				TARGETED_DEVICE_FAMILY = "1,2";
				VALIDATE_PRODUCT = YES;
			};
			name = Release;
		};
		61E9BAD9202263EA00247926 /* Debug */ = {
			isa = XCBuildConfiguration;
			buildSettings = {
				ASSETCATALOG_COMPILER_APPICON_NAME = AppIcon;
				DEVELOPMENT_TEAM = A5K3KTG98G;
				INFOPLIST_FILE = RetroCalculator/Info.plist;
				LD_RUNPATH_SEARCH_PATHS = "$(inherited) @executable_path/Frameworks";
				PRODUCT_BUNDLE_IDENTIFIER = com.hAppy.RetroCalculator;
				PRODUCT_NAME = "$(TARGET_NAME)";
				SWIFT_VERSION = 3.0;
			};
			name = Debug;
		};
		61E9BADA202263EA00247926 /* Release */ = {
			isa = XCBuildConfiguration;
			buildSettings = {
				ASSETCATALOG_COMPILER_APPICON_NAME = AppIcon;
				DEVELOPMENT_TEAM = A5K3KTG98G;
				INFOPLIST_FILE = RetroCalculator/Info.plist;
				LD_RUNPATH_SEARCH_PATHS = "$(inherited) @executable_path/Frameworks";
				PRODUCT_BUNDLE_IDENTIFIER = com.hAppy.RetroCalculator;
				PRODUCT_NAME = "$(TARGET_NAME)";
				SWIFT_VERSION = 3.0;
			};
			name = Release;
		};
/* End XCBuildConfiguration section */

/* Begin XCConfigurationList section */
		61E9BAC1202263EA00247926 /* Build configuration list for PBXProject "RetroCalculator" */ = {
			isa = XCConfigurationList;
			buildConfigurations = (
				61E9BAD6202263EA00247926 /* Debug */,
				61E9BAD7202263EA00247926 /* Release */,
			);
			defaultConfigurationIsVisible = 0;
			defaultConfigurationName = Release;
		};
		61E9BAD8202263EA00247926 /* Build configuration list for PBXNativeTarget "RetroCalculator" */ = {
			isa = XCConfigurationList;
			buildConfigurations = (
				61E9BAD9202263EA00247926 /* Debug */,
				61E9BADA202263EA00247926 /* Release */,
			);
			defaultConfigurationIsVisible = 0;
			defaultConfigurationName = Release;
		};
/* End XCConfigurationList section */
	};
	rootObject = 61E9BABE202263EA00247926 /* Project object */;
}
